
Microsoft Visual Studio Solution File, Format Version 12.00
# Visual Studio Version 16
VisualStudioVersion = 16.0.29806.167
MinimumVisualStudioVersion = 10.0.40219.1
Project("{9A19103F-16F7-4668-BE54-9A1E7A4F7556}") = "TCPServer", "TCPServer\TCPServer.csproj", "{64B814E7-2B61-40EC-8551-31247858336F}"
EndProject
Project("{FAE04EC0-301F-11D3-BF4B-00C04F79EFBC}") = "ModelLib", "ModelLib\ModelLib.csproj", "{621EBFFD-C6CA-456D-B079-03E69318BD3C}"
EndProject
Project("{FAE04EC0-301F-11D3-BF4B-00C04F79EFBC}") = "Client", "Client\Client.csproj", "{662AEB4F-2514-44B1-9813-16FC9B621B8B}"
EndProject
Global
	GlobalSection(SolutionConfigurationPlatforms) = preSolution
		Debug|Any CPU = Debug|Any CPU
		Release|Any CPU = Release|Any CPU
	EndGlobalSection
	GlobalSection(ProjectConfigurationPlatforms) = postSolution
		{64B814E7-2B61-40EC-8551-31247858336F}.Debug|Any CPU.ActiveCfg = Debug|Any CPU
		{64B814E7-2B61-40EC-8551-31247858336F}.Debug|Any CPU.Build.0 = Debug|Any CPU
		{64B814E7-2B61-40EC-8551-31247858336F}.Release|Any CPU.ActiveCfg = Release|Any CPU
		{64B814E7-2B61-40EC-8551-31247858336F}.Release|Any CPU.Build.0 = Release|Any CPU
		{621EBFFD-C6CA-456D-B079-03E69318BD3C}.Debug|Any CPU.ActiveCfg = Debug|Any CPU
		{621EBFFD-C6CA-456D-B079-03E69318BD3C}.Debug|Any CPU.Build.0 = Debug|Any CPU
		{621EBFFD-C6CA-456D-B079-03E69318BD3C}.Release|Any CPU.ActiveCfg = Release|Any CPU
		{621EBFFD-C6CA-456D-B079-03E69318BD3C}.Release|Any CPU.Build.0 = Release|Any CPU
		{662AEB4F-2514-44B1-9813-16FC9B621B8B}.Debug|Any CPU.ActiveCfg = Debug|Any CPU
		{662AEB4F-2514-44B1-9813-16FC9B621B8B}.Debug|Any CPU.Build.0 = Debug|Any CPU
		{662AEB4F-2514-44B1-9813-16FC9B621B8B}.Release|Any CPU.ActiveCfg = Release|Any CPU
		{662AEB4F-2514-44B1-9813-16FC9B621B8B}.Release|Any CPU.Build.0 = Release|Any CPU
	EndGlobalSection
	GlobalSection(SolutionProperties) = preSolution
		HideSolutionNode = FALSE
	EndGlobalSection
	GlobalSection(ExtensibilityGlobals) = postSolution
		SolutionGuid = {547CEFD0-CFF2-48E0-92F8-4215BD81AEA4}
	EndGlobalSection
EndGlobal
